
Microsoft Visual Studio Solution File, Format Version 12.00
# Visual Studio 15
VisualStudioVersion = 15.0.27703.2042
MinimumVisualStudioVersion = 10.0.40219.1
Project("{FAE04EC0-301F-11D3-BF4B-00C04F79EFBC}") = "CourseWorkGUIv2", "CourseWorkGUIv2\CourseWorkGUIv2.csproj", "{D24B19D9-2CDE-49CA-B59B-82C9A9054453}"
EndProject
Global
	GlobalSection(SolutionConfigurationPlatforms) = preSolution
		Debug|Any CPU = Debug|Any CPU
		Release|Any CPU = Release|Any CPU
	EndGlobalSection
	GlobalSection(ProjectConfigurationPlatforms) = postSolution
		{D24B19D9-2CDE-49CA-B59B-82C9A9054453}.Debug|Any CPU.ActiveCfg = Debug|Any CPU
		{D24B19D9-2CDE-49CA-B59B-82C9A9054453}.Debug|Any CPU.Build.0 = Debug|Any CPU
		{D24B19D9-2CDE-49CA-B59B-82C9A9054453}.Release|Any CPU.ActiveCfg = Release|Any CPU
		{D24B19D9-2CDE-49CA-B59B-82C9A9054453}.Release|Any CPU.Build.0 = Release|Any CPU
	EndGlobalSection
	GlobalSection(SolutionProperties) = preSolution
		HideSolutionNode = FALSE
	EndGlobalSection
	GlobalSection(ExtensibilityGlobals) = postSolution
		SolutionGuid = {28769735-E975-4A12-94DA-E59EB2F5293F}
	EndGlobalSection
EndGlobal
